
Microsoft Visual Studio Solution File, Format Version 12.00
# Visual Studio 15
VisualStudioVersion = 15.0.27703.2042
MinimumVisualStudioVersion = 10.0.40219.1
Project("{FAE04EC0-301F-11D3-BF4B-00C04F79EFBC}") = "Calculator", "Calculator\Calculator.csproj", "{972F2457-5DEE-4EB4-8E09-089B4B6ADD5E}"
EndProject
Project("{FAE04EC0-301F-11D3-BF4B-00C04F79EFBC}") = "CalculatorTests", "CalculatorTests\CalculatorTests.csproj", "{636DFF8C-AF7B-4FF7-B62B-557E1415333D}"
EndProject
Global
	GlobalSection(SolutionConfigurationPlatforms) = preSolution
		Debug|Any CPU = Debug|Any CPU
		Release|Any CPU = Release|Any CPU
	EndGlobalSection
	GlobalSection(ProjectConfigurationPlatforms) = postSolution
		{972F2457-5DEE-4EB4-8E09-089B4B6ADD5E}.Debug|Any CPU.ActiveCfg = Debug|Any CPU
		{972F2457-5DEE-4EB4-8E09-089B4B6ADD5E}.Debug|Any CPU.Build.0 = Debug|Any CPU
		{972F2457-5DEE-4EB4-8E09-089B4B6ADD5E}.Release|Any CPU.ActiveCfg = Release|Any CPU
		{972F2457-5DEE-4EB4-8E09-089B4B6ADD5E}.Release|Any CPU.Build.0 = Release|Any CPU
		{636DFF8C-AF7B-4FF7-B62B-557E1415333D}.Debug|Any CPU.ActiveCfg = Debug|Any CPU
		{636DFF8C-AF7B-4FF7-B62B-557E1415333D}.Debug|Any CPU.Build.0 = Debug|Any CPU
		{636DFF8C-AF7B-4FF7-B62B-557E1415333D}.Release|Any CPU.ActiveCfg = Release|Any CPU
		{636DFF8C-AF7B-4FF7-B62B-557E1415333D}.Release|Any CPU.Build.0 = Release|Any CPU
	EndGlobalSection
	GlobalSection(SolutionProperties) = preSolution
		HideSolutionNode = FALSE
	EndGlobalSection
	GlobalSection(ExtensibilityGlobals) = postSolution
		SolutionGuid = {98468945-6B56-49DE-B6D8-E507CABF7DD9}
	EndGlobalSection
EndGlobal
